
Microsoft Visual Studio Solution File, Format Version 12.00
# Visual Studio Version 17
VisualStudioVersion = 17.8.34601.278
MinimumVisualStudioVersion = 10.0.40219.1
Project("{FAE04EC0-301F-11D3-BF4B-00C04F79EFBC}") = "AngularServer", "AngularServer\AngularServer.csproj", "{C2BD948D-FBBA-4051-AC2D-A591AE4B9958}"
EndProject
Global
	GlobalSection(SolutionConfigurationPlatforms) = preSolution
		Debug|Any CPU = Debug|Any CPU
		Release|Any CPU = Release|Any CPU
	EndGlobalSection
	GlobalSection(ProjectConfigurationPlatforms) = postSolution
		{C2BD948D-FBBA-4051-AC2D-A591AE4B9958}.Debug|Any CPU.ActiveCfg = Debug|Any CPU
		{C2BD948D-FBBA-4051-AC2D-A591AE4B9958}.Debug|Any CPU.Build.0 = Debug|Any CPU
		{C2BD948D-FBBA-4051-AC2D-A591AE4B9958}.Release|Any CPU.ActiveCfg = Release|Any CPU
		{C2BD948D-FBBA-4051-AC2D-A591AE4B9958}.Release|Any CPU.Build.0 = Release|Any CPU
	EndGlobalSection
	GlobalSection(SolutionProperties) = preSolution
		HideSolutionNode = FALSE
	EndGlobalSection
	GlobalSection(ExtensibilityGlobals) = postSolution
		SolutionGuid = {5FD65696-ABC7-49CE-AC06-7416359E628A}
	EndGlobalSection
EndGlobal
